{
  "name": "design-pattern",
  "version": "1.0.0",
  "lockfileVersion": 2,
  "requires": true,
  "packages": {
    "": {
      "name": "design-pattern",
      "version": "1.0.0",
      "license": "ISC",
      "dependencies": {
        "multi-inherit": "^1.0.1"
      }
    },
    "node_modules/multi-inherit": {
      "version": "1.0.1",
      "resolved": "https://registry.npmjs.org/multi-inherit/-/multi-inherit-1.0.1.tgz",
      "integrity": "sha512-s5T+AetokkEC89LSZRY0ff4p1QgfyKdQC6yQJ2DtELDDGlTyDTzPEYa8ppbqKd/0j1nTZnSNJzN1f6zKwTw26A=="
    }
  },
  "dependencies": {
    "multi-inherit": {
      "version": "1.0.1",
      "resolved": "https://registry.npmjs.org/multi-inherit/-/multi-inherit-1.0.1.tgz",
      "integrity": "sha512-s5T+AetokkEC89LSZRY0ff4p1QgfyKdQC6yQJ2DtELDDGlTyDTzPEYa8ppbqKd/0j1nTZnSNJzN1f6zKwTw26A=="
    }
  }
}
